
Microsoft Visual Studio Solution File, Format Version 12.00
# Visual Studio Version 17
VisualStudioVersion = 17.0.31903.59
MinimumVisualStudioVersion = 10.0.40219.1
Project("{9A19103F-16F7-4668-BE54-9A1E7A4F7556}") = "ASC.Mail", "Server\ASC.Mail.csproj", "{198EBFFE-F5FD-4D8B-9AB4-FAEAF1645338}"
EndProject
Project("{9A19103F-16F7-4668-BE54-9A1E7A4F7556}") = "ASC.Mail.Core", "Core\ASC.Mail.Core.csproj", "{C2DD5352-AC40-4962-978C-0031860C8CA4}"
EndProject
Project("{9A19103F-16F7-4668-BE54-9A1E7A4F7556}") = "ASC.Mail.Aggregator.Service", "Services\ASC.Mail.Aggregator.Service\ASC.Mail.Aggregator.Service.csproj", "{3FB12384-EFDF-4069-B625-61D13552A630}"
EndProject
Project("{9A19103F-16F7-4668-BE54-9A1E7A4F7556}") = "ASC.Mail.ImapSync", "Services\ASC.Mail.ImapSync\ASC.Mail.ImapSync.csproj", "{5D982C73-D484-43B6-91C3-C763AF7FBC03}"
EndProject
Project("{9A19103F-16F7-4668-BE54-9A1E7A4F7556}") = "ASC.Mail.StorageCleaner.Service", "Services\ASC.Mail.StorageCleaner.Service\ASC.Mail.StorageCleaner.Service.csproj", "{A7B69BF5-8998-4B10-A6F7-F0E8CA04EFAD}"
EndProject
Project("{9A19103F-16F7-4668-BE54-9A1E7A4F7556}") = "ASC.Mail.Watchdog.Service", "Services\ASC.Mail.Watchdog.Service\ASC.Mail.Watchdog.Service.csproj", "{5F332535-6B77-46C9-A4E0-0F7E91166558}"
EndProject
Project("{9A19103F-16F7-4668-BE54-9A1E7A4F7556}") = "ASC.Mail.Tests", "Tests\ASC.Mail.Tests.csproj", "{4F8E5049-EE1A-4D68-B511-869B913879EC}"
EndProject
Global
	GlobalSection(SolutionConfigurationPlatforms) = preSolution
		Debug|Any CPU = Debug|Any CPU
		Release|Any CPU = Release|Any CPU
	EndGlobalSection
	GlobalSection(ProjectConfigurationPlatforms) = postSolution
		{198EBFFE-F5FD-4D8B-9AB4-FAEAF1645338}.Debug|Any CPU.ActiveCfg = Debug|Any CPU
		{198EBFFE-F5FD-4D8B-9AB4-FAEAF1645338}.Debug|Any CPU.Build.0 = Debug|Any CPU
		{198EBFFE-F5FD-4D8B-9AB4-FAEAF1645338}.Release|Any CPU.ActiveCfg = Release|Any CPU
		{198EBFFE-F5FD-4D8B-9AB4-FAEAF1645338}.Release|Any CPU.Build.0 = Release|Any CPU
		{C2DD5352-AC40-4962-978C-0031860C8CA4}.Debug|Any CPU.ActiveCfg = Debug|Any CPU
		{C2DD5352-AC40-4962-978C-0031860C8CA4}.Debug|Any CPU.Build.0 = Debug|Any CPU
		{C2DD5352-AC40-4962-978C-0031860C8CA4}.Release|Any CPU.ActiveCfg = Release|Any CPU
		{C2DD5352-AC40-4962-978C-0031860C8CA4}.Release|Any CPU.Build.0 = Release|Any CPU
		{3FB12384-EFDF-4069-B625-61D13552A630}.Debug|Any CPU.ActiveCfg = Debug|Any CPU
		{3FB12384-EFDF-4069-B625-61D13552A630}.Debug|Any CPU.Build.0 = Debug|Any CPU
		{3FB12384-EFDF-4069-B625-61D13552A630}.Release|Any CPU.ActiveCfg = Release|Any CPU
		{3FB12384-EFDF-4069-B625-61D13552A630}.Release|Any CPU.Build.0 = Release|Any CPU
		{5D982C73-D484-43B6-91C3-C763AF7FBC03}.Debug|Any CPU.ActiveCfg = Debug|Any CPU
		{5D982C73-D484-43B6-91C3-C763AF7FBC03}.Debug|Any CPU.Build.0 = Debug|Any CPU
		{5D982C73-D484-43B6-91C3-C763AF7FBC03}.Release|Any CPU.ActiveCfg = Release|Any CPU
		{5D982C73-D484-43B6-91C3-C763AF7FBC03}.Release|Any CPU.Build.0 = Release|Any CPU
		{A7B69BF5-8998-4B10-A6F7-F0E8CA04EFAD}.Debug|Any CPU.ActiveCfg = Debug|Any CPU
		{A7B69BF5-8998-4B10-A6F7-F0E8CA04EFAD}.Debug|Any CPU.Build.0 = Debug|Any CPU
		{A7B69BF5-8998-4B10-A6F7-F0E8CA04EFAD}.Release|Any CPU.ActiveCfg = Release|Any CPU
		{A7B69BF5-8998-4B10-A6F7-F0E8CA04EFAD}.Release|Any CPU.Build.0 = Release|Any CPU
		{5F332535-6B77-46C9-A4E0-0F7E91166558}.Debug|Any CPU.ActiveCfg = Debug|Any CPU
		{5F332535-6B77-46C9-A4E0-0F7E91166558}.Debug|Any CPU.Build.0 = Debug|Any CPU
		{5F332535-6B77-46C9-A4E0-0F7E91166558}.Release|Any CPU.ActiveCfg = Release|Any CPU
		{5F332535-6B77-46C9-A4E0-0F7E91166558}.Release|Any CPU.Build.0 = Release|Any CPU
		{4F8E5049-EE1A-4D68-B511-869B913879EC}.Debug|Any CPU.ActiveCfg = Debug|Any CPU
		{4F8E5049-EE1A-4D68-B511-869B913879EC}.Debug|Any CPU.Build.0 = Debug|Any CPU
		{4F8E5049-EE1A-4D68-B511-869B913879EC}.Release|Any CPU.ActiveCfg = Release|Any CPU
		{4F8E5049-EE1A-4D68-B511-869B913879EC}.Release|Any CPU.Build.0 = Release|Any CPU
	EndGlobalSection
	GlobalSection(SolutionProperties) = preSolution
		HideSolutionNode = FALSE
	EndGlobalSection
	GlobalSection(ExtensibilityGlobals) = postSolution
		SolutionGuid = {DD110BE7-5062-4A9B-9E7F-8E676562FD44}
	EndGlobalSection
EndGlobal
